PODS:
  - Flutter (1.0.0)
  - integration_test (0.0.1):
    - Flutter
  - openpgp (0.6.0):
    - Flutter

DEPENDENCIES:
  - Flutter (from `Flutter`)
  - integration_test (from `.symlinks/plugins/integration_test/ios`)
  - openpgp (from `.symlinks/plugins/openpgp/ios`)

EXTERNAL SOURCES:
  Flutter:
    :path: Flutter
  integration_test:
    :path: ".symlinks/plugins/integration_test/ios"
  openpgp:
    :path: ".symlinks/plugins/openpgp/ios"

SPEC CHECKSUMS:
  Flutter: f04841e97a9d0b0a8025694d0796dd46242b2854
  integration_test: a1e7d09bd98eca2fc37aefd79d4f41ad37bdbbe5
  openpgp: 8925c86ba4a2663e345e3e6e133d8c4e6f6754a3

PODFILE CHECKSUM: 663715e941f9adb426e33bf9376914006f9ea95b

COCOAPODS: 1.11.3
