PODS:
  - Flutter (1.0.0)
  - integration_test (0.0.1):
    - Flutter
  - openpgp (0.6.0):
    - Flutter

DEPENDENCIES:
  - Flutter (from `Flutter`)
  - integration_test (from `.symlinks/plugins/integration_test/ios`)
  - openpgp (from `.symlinks/plugins/openpgp/ios`)

EXTERNAL SOURCES:
  Flutter:
    :path: Flutter
  integration_test:
    :path: ".symlinks/plugins/integration_test/ios"
  openpgp:
    :path: ".symlinks/plugins/openpgp/ios"

SPEC CHECKSUMS:
  Flutter: e0871f40cf51350855a761d2e70bf5af5b9b5de7
  integration_test: 4a889634ef21a45d28d50d622cf412dc6d9f586e
  openpgp: de9f45382feeb822e8417184db988e111406f51d

PODFILE CHECKSUM: db4843b9a4ec570ab76e33e3a2d3f4ded0ab206b

COCOAPODS: 1.16.2
