PODS:
  - Flutter (1.0.0)
  - openpgp (0.6.0):
    - Flutter

DEPENDENCIES:
  - Flutter (from `Flutter`)
  - openpgp (from `.symlinks/plugins/openpgp/ios`)

EXTERNAL SOURCES:
  Flutter:
    :path: Flutter
  openpgp:
    :path: ".symlinks/plugins/openpgp/ios"

SPEC CHECKSUMS:
  Flutter: 50d75fe2f02b26cc09d224853bb45737f8b3214a
  openpgp: 8925c86ba4a2663e345e3e6e133d8c4e6f6754a3

PODFILE CHECKSUM: 8e679eca47255a8ca8067c4c67aab20e64cb974d

COCOAPODS: 1.11.2
