github.com/ProtonMail/go-crypto v1.4.1-proton h1:I4nanwGUmEeu7bTP9pkVWBbebGaxGyeMPnPRKmL++DY=
github.com/ProtonMail/go-crypto v1.4.1-proton/go.mod h1:e1OaTyu5SYVrO9gKOEhTc+5UcXtTUa+P3uLudwcgPqo=
github.com/cloudflare/circl v1.6.2 h1:hL7VBpHHKzrV5WTfHCaBsgx/HGbBYlgrwvNXEVDYYsQ=
github.com/cloudflare/circl v1.6.2/go.mod h1:2eXP6Qfat4O/Yhh8BznvKnJ+uzEoTQ6jVKJRn81BiS4=
github.com/google/flatbuffers v23.5.26+incompatible h1:M9dgRyhJemaM4Sw8+66GHBu8ioaQmyPLg1b8VwK5WJg=
github.com/google/flatbuffers v23.5.26+incompatible/go.mod h1:1AeVuKshWv4vARoZatz6mlQ0JxURH0Kv5+zNeJKJCa8=
golang.org/x/crypto v0.41.0 h1:WKYxWedPGCTVVl5+WHSSrOBT0O8lx32+zxmHxijgXp4=
golang.org/x/crypto v0.41.0/go.mod h1:pO5AFd7FA68rFak7rOAGVuygIISepHftHnr8dr6+sUc=
golang.org/x/sys v0.35.0 h1:vz1N37gP5bs89s7He8XuIYXpyY0+QlsKmzipCbUtyxI=
golang.org/x/sys v0.35.0/go.mod h1:BJP2sWEmIv4KK5OTEluFJCKSidICx8ciO85XgH3Ak8k=
golang.org/x/text v0.37.0 h1:Cqjiwd9eSg8e0QAkyCaQTNHFIIzWtidPahFWR83rTrc=
golang.org/x/text v0.37.0/go.mod h1:a5sjxXGs9hsn/AJVwuElvCAo9v8QYLzvavO5z2PiM38=
