PODS:
  - FlutterMacOS (1.0.0)
  - openpgp (0.6.0):
    - FlutterMacOS

DEPENDENCIES:
  - FlutterMacOS (from `Flutter/ephemeral`)
  - openpgp (from `Flutter/ephemeral/.symlinks/plugins/openpgp/macos`)

EXTERNAL SOURCES:
  FlutterMacOS:
    :path: Flutter/ephemeral
  openpgp:
    :path: Flutter/ephemeral/.symlinks/plugins/openpgp/macos

SPEC CHECKSUMS:
  FlutterMacOS: 8f6f14fa908a6fb3fba0cd85dbd81ec4b251fb24
  openpgp: aa2bcc0718d86e19ef9972022a60c5838750fa9a

PODFILE CHECKSUM: 236401fc2c932af29a9fcf0e97baeeb2d750d367

COCOAPODS: 1.16.2
