PODS:
  - FlutterMacOS (1.0.0)
  - openpgp (0.6.0):
    - FlutterMacOS

DEPENDENCIES:
  - FlutterMacOS (from `Flutter/ephemeral`)
  - openpgp (from `Flutter/ephemeral/.symlinks/plugins/openpgp/macos`)

EXTERNAL SOURCES:
  FlutterMacOS:
    :path: Flutter/ephemeral
  openpgp:
    :path: Flutter/ephemeral/.symlinks/plugins/openpgp/macos

SPEC CHECKSUMS:
  FlutterMacOS: 8f6f14fa908a6fb3fba0cd85dbd81ec4b251fb24
  openpgp: 74f1193a4edb7b732b71576beca8d5bd3783a1b8

PODFILE CHECKSUM: 353c8bcc5d5b0994e508d035b5431cfe18c1dea7

COCOAPODS: 1.12.1
