PODS:
  - FlutterMacOS (1.0.0)
  - openpgp (0.1.0):
    - FlutterMacOS

DEPENDENCIES:
  - FlutterMacOS (from `Flutter/ephemeral/.symlinks/flutter/darwin-x64`)
  - openpgp (from `Flutter/ephemeral/.symlinks/plugins/openpgp/macos`)

EXTERNAL SOURCES:
  FlutterMacOS:
    :path: Flutter/ephemeral/.symlinks/flutter/darwin-x64
  openpgp:
    :path: Flutter/ephemeral/.symlinks/plugins/openpgp/macos

SPEC CHECKSUMS:
  FlutterMacOS: 15bea8a44d2fa024068daa0140371c020b4b6ff9
  openpgp: 6c426387916539aaf92a9b528d71a194308cee73

PODFILE CHECKSUM: d8ba9b3e9e93c62c74a660b46c6fcb09f03991a7

COCOAPODS: 1.9.1
